hash: 9f5a93c6e2844946a5f289b98a7856db41538be101ad93dd07f21b68bbd01524
updated: 2019-09-08T17:01:40.788535+08:00
imports:
- name: github.com/pkg/errors
  version: ba968bfe8b2f7e042a574c888954fccecfa385b4
- name: github.com/spf13/viper
  version: 6d33b5a963d922d182c91e8a1c88d81fd150cfd4
testImports: []
